
Microsoft Visual Studio Solution File, Format Version 12.00
# Visual Studio Version 17
VisualStudioVersion = 17.7.34024.191
MinimumVisualStudioVersion = 10.0.40219.1
Project("{FAE04EC0-301F-11D3-BF4B-00C04F79EFBC}") = "AP-2", "AP-2.csproj", "{A85F0969-59BF-4C43-95C2-DB892AB66502}"
EndProject
Global
	GlobalSection(SolutionConfigurationPlatforms) = preSolution
		Debug|Any CPU = Debug|Any CPU
		Release|Any CPU = Release|Any CPU
	EndGlobalSection
	GlobalSection(ProjectConfigurationPlatforms) = postSolution
		{A85F0969-59BF-4C43-95C2-DB892AB66502}.Debug|Any CPU.ActiveCfg = Debug|Any CPU
		{A85F0969-59BF-4C43-95C2-DB892AB66502}.Debug|Any CPU.Build.0 = Debug|Any CPU
		{A85F0969-59BF-4C43-95C2-DB892AB66502}.Release|Any CPU.ActiveCfg = Release|Any CPU
		{A85F0969-59BF-4C43-95C2-DB892AB66502}.Release|Any CPU.Build.0 = Release|Any CPU
	EndGlobalSection
	GlobalSection(SolutionProperties) = preSolution
		HideSolutionNode = FALSE
	EndGlobalSection
	GlobalSection(ExtensibilityGlobals) = postSolution
		SolutionGuid = {1987E137-666B-4669-8403-6DD6B3E0A100}
	EndGlobalSection
EndGlobal
